
Microsoft Visual Studio Solution File, Format Version 12.00
# Visual Studio 15
VisualStudioVersion = 15.0.28307.438
MinimumVisualStudioVersion = 10.0.40219.1
Project("{FAE04EC0-301F-11D3-BF4B-00C04F79EFBC}") = "cigla2", "cigla2\cigla2.csproj", "{741F488C-5E9B-4BDD-A156-ECC31A01B69E}"
EndProject
Global
	GlobalSection(SolutionConfigurationPlatforms) = preSolution
		Debug|Any CPU = Debug|Any CPU
		Release|Any CPU = Release|Any CPU
	EndGlobalSection
	GlobalSection(ProjectConfigurationPlatforms) = postSolution
		{741F488C-5E9B-4BDD-A156-ECC31A01B69E}.Debug|Any CPU.ActiveCfg = Debug|Any CPU
		{741F488C-5E9B-4BDD-A156-ECC31A01B69E}.Debug|Any CPU.Build.0 = Debug|Any CPU
		{741F488C-5E9B-4BDD-A156-ECC31A01B69E}.Release|Any CPU.ActiveCfg = Release|Any CPU
		{741F488C-5E9B-4BDD-A156-ECC31A01B69E}.Release|Any CPU.Build.0 = Release|Any CPU
	EndGlobalSection
	GlobalSection(SolutionProperties) = preSolution
		HideSolutionNode = FALSE
	EndGlobalSection
	GlobalSection(ExtensibilityGlobals) = postSolution
		SolutionGuid = {B0681882-DA77-4E3B-9FC6-D104EB20C9CD}
	EndGlobalSection
EndGlobal
